
Microsoft Visual Studio Solution File, Format Version 12.00
# Visual Studio Version 17
VisualStudioVersion = 17.0.31903.59
MinimumVisualStudioVersion = 10.0.40219.1
Project("{2150E333-8FDC-42A3-9474-1A3956D46DE8}") = "src", "src", "{C32B06F9-243B-4800-B82E-6FA595B01B52}"
EndProject
Project("{FAE04EC0-301F-11D3-BF4B-00C04F79EFBC}") = "OpenScribe.Core", "src\OpenScribe.Core\OpenScribe.Core.csproj", "{D06BCC62-8EE9-486B-954B-0BD638AC759B}"
EndProject
Project("{FAE04EC0-301F-11D3-BF4B-00C04F79EFBC}") = "OpenScribe.Data", "src\OpenScribe.Data\OpenScribe.Data.csproj", "{11A55670-B7DA-4ABF-8E40-07900E9ED2BE}"
EndProject
Project("{FAE04EC0-301F-11D3-BF4B-00C04F79EFBC}") = "OpenScribe.Capture", "src\OpenScribe.Capture\OpenScribe.Capture.csproj", "{662271DE-9CC2-4B8F-8170-EB01E1E3246D}"
EndProject
Project("{FAE04EC0-301F-11D3-BF4B-00C04F79EFBC}") = "OpenScribe.Processing", "src\OpenScribe.Processing\OpenScribe.Processing.csproj", "{13B9CA16-92BC-4A05-AD28-BE0387DCD273}"
EndProject
Project("{FAE04EC0-301F-11D3-BF4B-00C04F79EFBC}") = "OpenScribe.AI", "src\OpenScribe.AI\OpenScribe.AI.csproj", "{94FE8109-7B9D-4EA0-89FD-F6186DCED679}"
EndProject
Project("{FAE04EC0-301F-11D3-BF4B-00C04F79EFBC}") = "OpenScribe.DocGen", "src\OpenScribe.DocGen\OpenScribe.DocGen.csproj", "{6688A391-4335-4240-A8BA-E8452846CEFF}"
EndProject
Project("{2150E333-8FDC-42A3-9474-1A3956D46DE8}") = "tests", "tests", "{A06F4324-D46F-4847-B020-821E87335F9A}"
EndProject
Project("{FAE04EC0-301F-11D3-BF4B-00C04F79EFBC}") = "OpenScribe.Core.Tests", "tests\OpenScribe.Core.Tests\OpenScribe.Core.Tests.csproj", "{1FBB5184-28C8-41B2-8DA0-C39E91D1C822}"
EndProject
Project("{FAE04EC0-301F-11D3-BF4B-00C04F79EFBC}") = "OpenScribe.Capture.Tests", "tests\OpenScribe.Capture.Tests\OpenScribe.Capture.Tests.csproj", "{75DE407E-5148-4309-8974-D7C36AB7DB44}"
EndProject
Project("{FAE04EC0-301F-11D3-BF4B-00C04F79EFBC}") = "OpenScribe.Processing.Tests", "tests\OpenScribe.Processing.Tests\OpenScribe.Processing.Tests.csproj", "{947F0F7F-34AE-4543-9986-B04026AF24A1}"
EndProject
Project("{FAE04EC0-301F-11D3-BF4B-00C04F79EFBC}") = "OpenScribe.AI.Tests", "tests\OpenScribe.AI.Tests\OpenScribe.AI.Tests.csproj", "{4DC539AD-0541-4434-93CE-8B328DE14A2A}"
EndProject
Project("{FAE04EC0-301F-11D3-BF4B-00C04F79EFBC}") = "OpenScribe.DocGen.Tests", "tests\OpenScribe.DocGen.Tests\OpenScribe.DocGen.Tests.csproj", "{F7BC24DF-2AC2-48B8-9F30-F8356254426F}"
EndProject
Project("{FAE04EC0-301F-11D3-BF4B-00C04F79EFBC}") = "OpenScribe.App", "src\OpenScribe.App\OpenScribe.App.csproj", "{A46FD495-A8CC-403A-8EA9-589690AAC1FA}"
EndProject
Global
	GlobalSection(SolutionConfigurationPlatforms) = preSolution
		Debug|Any CPU = Debug|Any CPU
		Release|Any CPU = Release|Any CPU
	EndGlobalSection
	GlobalSection(SolutionProperties) = preSolution
		HideSolutionNode = FALSE
	EndGlobalSection
	GlobalSection(ProjectConfigurationPlatforms) = postSolution
		{D06BCC62-8EE9-486B-954B-0BD638AC759B}.Debug|Any CPU.ActiveCfg = Debug|Any CPU
		{D06BCC62-8EE9-486B-954B-0BD638AC759B}.Debug|Any CPU.Build.0 = Debug|Any CPU
		{D06BCC62-8EE9-486B-954B-0BD638AC759B}.Release|Any CPU.ActiveCfg = Release|Any CPU
		{D06BCC62-8EE9-486B-954B-0BD638AC759B}.Release|Any CPU.Build.0 = Release|Any CPU
		{11A55670-B7DA-4ABF-8E40-07900E9ED2BE}.Debug|Any CPU.ActiveCfg = Debug|Any CPU
		{11A55670-B7DA-4ABF-8E40-07900E9ED2BE}.Debug|Any CPU.Build.0 = Debug|Any CPU
		{11A55670-B7DA-4ABF-8E40-07900E9ED2BE}.Release|Any CPU.ActiveCfg = Release|Any CPU
		{11A55670-B7DA-4ABF-8E40-07900E9ED2BE}.Release|Any CPU.Build.0 = Release|Any CPU
		{662271DE-9CC2-4B8F-8170-EB01E1E3246D}.Debug|Any CPU.ActiveCfg = Debug|Any CPU
		{662271DE-9CC2-4B8F-8170-EB01E1E3246D}.Debug|Any CPU.Build.0 = Debug|Any CPU
		{662271DE-9CC2-4B8F-8170-EB01E1E3246D}.Release|Any CPU.ActiveCfg = Release|Any CPU
		{662271DE-9CC2-4B8F-8170-EB01E1E3246D}.Release|Any CPU.Build.0 = Release|Any CPU
		{13B9CA16-92BC-4A05-AD28-BE0387DCD273}.Debug|Any CPU.ActiveCfg = Debug|Any CPU
		{13B9CA16-92BC-4A05-AD28-BE0387DCD273}.Debug|Any CPU.Build.0 = Debug|Any CPU
		{13B9CA16-92BC-4A05-AD28-BE0387DCD273}.Release|Any CPU.ActiveCfg = Release|Any CPU
		{13B9CA16-92BC-4A05-AD28-BE0387DCD273}.Release|Any CPU.Build.0 = Release|Any CPU
		{94FE8109-7B9D-4EA0-89FD-F6186DCED679}.Debug|Any CPU.ActiveCfg = Debug|Any CPU
		{94FE8109-7B9D-4EA0-89FD-F6186DCED679}.Debug|Any CPU.Build.0 = Debug|Any CPU
		{94FE8109-7B9D-4EA0-89FD-F6186DCED679}.Release|Any CPU.ActiveCfg = Release|Any CPU
		{94FE8109-7B9D-4EA0-89FD-F6186DCED679}.Release|Any CPU.Build.0 = Release|Any CPU
		{6688A391-4335-4240-A8BA-E8452846CEFF}.Debug|Any CPU.ActiveCfg = Debug|Any CPU
		{6688A391-4335-4240-A8BA-E8452846CEFF}.Debug|Any CPU.Build.0 = Debug|Any CPU
		{6688A391-4335-4240-A8BA-E8452846CEFF}.Release|Any CPU.ActiveCfg = Release|Any CPU
		{6688A391-4335-4240-A8BA-E8452846CEFF}.Release|Any CPU.Build.0 = Release|Any CPU
		{1FBB5184-28C8-41B2-8DA0-C39E91D1C822}.Debug|Any CPU.ActiveCfg = Debug|Any CPU
		{1FBB5184-28C8-41B2-8DA0-C39E91D1C822}.Debug|Any CPU.Build.0 = Debug|Any CPU
		{1FBB5184-28C8-41B2-8DA0-C39E91D1C822}.Release|Any CPU.ActiveCfg = Release|Any CPU
		{1FBB5184-28C8-41B2-8DA0-C39E91D1C822}.Release|Any CPU.Build.0 = Release|Any CPU
		{75DE407E-5148-4309-8974-D7C36AB7DB44}.Debug|Any CPU.ActiveCfg = Debug|Any CPU
		{75DE407E-5148-4309-8974-D7C36AB7DB44}.Debug|Any CPU.Build.0 = Debug|Any CPU
		{75DE407E-5148-4309-8974-D7C36AB7DB44}.Release|Any CPU.ActiveCfg = Release|Any CPU
		{75DE407E-5148-4309-8974-D7C36AB7DB44}.Release|Any CPU.Build.0 = Release|Any CPU
		{947F0F7F-34AE-4543-9986-B04026AF24A1}.Debug|Any CPU.ActiveCfg = Debug|Any CPU
		{947F0F7F-34AE-4543-9986-B04026AF24A1}.Debug|Any CPU.Build.0 = Debug|Any CPU
		{947F0F7F-34AE-4543-9986-B04026AF24A1}.Release|Any CPU.ActiveCfg = Release|Any CPU
		{947F0F7F-34AE-4543-9986-B04026AF24A1}.Release|Any CPU.Build.0 = Release|Any CPU
		{4DC539AD-0541-4434-93CE-8B328DE14A2A}.Debug|Any CPU.ActiveCfg = Debug|Any CPU
		{4DC539AD-0541-4434-93CE-8B328DE14A2A}.Debug|Any CPU.Build.0 = Debug|Any CPU
		{4DC539AD-0541-4434-93CE-8B328DE14A2A}.Release|Any CPU.ActiveCfg = Release|Any CPU
		{4DC539AD-0541-4434-93CE-8B328DE14A2A}.Release|Any CPU.Build.0 = Release|Any CPU
		{F7BC24DF-2AC2-48B8-9F30-F8356254426F}.Debug|Any CPU.ActiveCfg = Debug|Any CPU
		{F7BC24DF-2AC2-48B8-9F30-F8356254426F}.Debug|Any CPU.Build.0 = Debug|Any CPU
		{F7BC24DF-2AC2-48B8-9F30-F8356254426F}.Release|Any CPU.ActiveCfg = Release|Any CPU
		{F7BC24DF-2AC2-48B8-9F30-F8356254426F}.Release|Any CPU.Build.0 = Release|Any CPU
		{A46FD495-A8CC-403A-8EA9-589690AAC1FA}.Debug|Any CPU.ActiveCfg = Debug|x64
		{A46FD495-A8CC-403A-8EA9-589690AAC1FA}.Debug|Any CPU.Build.0 = Debug|x64
		{A46FD495-A8CC-403A-8EA9-589690AAC1FA}.Release|Any CPU.ActiveCfg = Release|x64
		{A46FD495-A8CC-403A-8EA9-589690AAC1FA}.Release|Any CPU.Build.0 = Release|x64
	EndGlobalSection
	GlobalSection(NestedProjects) = preSolution
		{D06BCC62-8EE9-486B-954B-0BD638AC759B} = {C32B06F9-243B-4800-B82E-6FA595B01B52}
		{11A55670-B7DA-4ABF-8E40-07900E9ED2BE} = {C32B06F9-243B-4800-B82E-6FA595B01B52}
		{662271DE-9CC2-4B8F-8170-EB01E1E3246D} = {C32B06F9-243B-4800-B82E-6FA595B01B52}
		{13B9CA16-92BC-4A05-AD28-BE0387DCD273} = {C32B06F9-243B-4800-B82E-6FA595B01B52}
		{94FE8109-7B9D-4EA0-89FD-F6186DCED679} = {C32B06F9-243B-4800-B82E-6FA595B01B52}
		{6688A391-4335-4240-A8BA-E8452846CEFF} = {C32B06F9-243B-4800-B82E-6FA595B01B52}
		{1FBB5184-28C8-41B2-8DA0-C39E91D1C822} = {A06F4324-D46F-4847-B020-821E87335F9A}
		{75DE407E-5148-4309-8974-D7C36AB7DB44} = {A06F4324-D46F-4847-B020-821E87335F9A}
		{947F0F7F-34AE-4543-9986-B04026AF24A1} = {A06F4324-D46F-4847-B020-821E87335F9A}
		{4DC539AD-0541-4434-93CE-8B328DE14A2A} = {A06F4324-D46F-4847-B020-821E87335F9A}
		{F7BC24DF-2AC2-48B8-9F30-F8356254426F} = {A06F4324-D46F-4847-B020-821E87335F9A}
		{A46FD495-A8CC-403A-8EA9-589690AAC1FA} = {C32B06F9-243B-4800-B82E-6FA595B01B52}
	EndGlobalSection
EndGlobal
